
Microsoft Visual Studio Solution File, Format Version 12.00
# Visual Studio Version 16
Project("{2150E333-8FDC-42A3-9474-1A3956D46DE8}") = "sdk", "sdk", "{4E829DE1-F2A8-4766-A2C2-236542292155}"
EndProject
Project("{2150E333-8FDC-42A3-9474-1A3956D46DE8}") = "demos", "demos", "{A693035B-B34C-4161-9504-ACAEC93525F1}"
EndProject
Project("{2150E333-8FDC-42A3-9474-1A3956D46DE8}") = "api", "api", "{B1F1804D-1CA4-4B37-BCD8-6696BC0166B8}"
EndProject
Project("{2150E333-8FDC-42A3-9474-1A3956D46DE8}") = "ui", "ui", "{FFE36BB3-59C3-44FE-B8AF-D002A427148D}"
EndProject
Project("{FAE04EC0-301F-11D3-BF4B-00C04F79EFBC}") = "nyris.api", "sdk\api\nyris.api\nyris.api.csproj", "{5689A166-15DE-4BB1-A576-47F03CA7A625}"
EndProject
Project("{FAE04EC0-301F-11D3-BF4B-00C04F79EFBC}") = "nyris.ui.Android.Cropping", "sdk\ui\nyris.ui.Android.Cropping\nyris.ui.Android.Cropping.csproj", "{66D5A4D5-5797-4BC6-9331-C54E335DC12E}"
EndProject
Project("{FAE04EC0-301F-11D3-BF4B-00C04F79EFBC}") = "nyris.ui.Android.Camera", "sdk\ui\nyris.ui.Android.Camera\nyris.ui.Android.Camera.csproj", "{86F01294-17D3-4DD3-A8AB-7CEF7726A8C0}"
EndProject
Project("{FAE04EC0-301F-11D3-BF4B-00C04F79EFBC}") = "nyris.ui.Android", "sdk\ui\nyris.ui.Android\nyris.ui.Android.csproj", "{6ABCF845-7479-444A-989D-CF0DDEB6E055}"
EndProject
Project("{FAE04EC0-301F-11D3-BF4B-00C04F79EFBC}") = "nyris.ui.common", "sdk\ui\nyris.ui.common\nyris.ui.common.csproj", "{AD7DDE52-DB8B-4E38-8D04-3958FB7DE629}"
EndProject
Project("{FAE04EC0-301F-11D3-BF4B-00C04F79EFBC}") = "nyris.ui.iOS", "sdk\ui\nyris.ui.iOS\nyris.ui.iOS.csproj", "{509ACB86-B497-42D7-A387-4308A1B87982}"
EndProject
Project("{FAE04EC0-301F-11D3-BF4B-00C04F79EFBC}") = "nyris.ui.maui", "sdk\ui\nyris.ui.maui\nyris.ui.maui.csproj", "{87DDB8CC-BB2A-4944-AEA1-23BB82B86235}"
EndProject
Project("{FAE04EC0-301F-11D3-BF4B-00C04F79EFBC}") = "nyris.demo.MAUI", "demos\nyris.demo.MAUI\nyris.demo.MAUI.csproj", "{79B8DA19-75B4-4325-8443-1A4187756EC2}"
EndProject
Project("{FAE04EC0-301F-11D3-BF4B-00C04F79EFBC}") = "nyris.demo.Console", "demos\nyris.demo.Console\nyris.demo.Console.csproj", "{BCA3D0F5-F485-4F6F-B225-E2631CD44783}"
EndProject
Project("{FAE04EC0-301F-11D3-BF4B-00C04F79EFBC}") = "nyris.demo.Android", "demos\nyris.demo.Android\nyris.demo.Android.csproj", "{C003B4EE-3211-4F48-8E60-27C6B1F8EA58}"
EndProject
Project("{FAE04EC0-301F-11D3-BF4B-00C04F79EFBC}") = "nyris.demo.iOS", "demos\nyris.demo.iOS\nyris.demo.iOS.csproj", "{58A66881-7CAD-45A8-89E8-FFC4B21DD394}"
EndProject
Global
	GlobalSection(SolutionConfigurationPlatforms) = preSolution
		Debug|x86 = Debug|x86
		Release|x86 = Release|x86
		Debug|iPhoneSimulator = Debug|iPhoneSimulator
		Release|iPhoneSimulator = Release|iPhoneSimulator
		Debug|iPhone = Debug|iPhone
		Release|iPhone = Release|iPhone
		Ad-Hoc|iPhone = Ad-Hoc|iPhone
		AppStore|iPhone = AppStore|iPhone
	EndGlobalSection
	GlobalSection(ProjectConfigurationPlatforms) = postSolution
		{9CD390DA-D180-453B-A0C1-0009F50DA0ED}.Debug|x86.ActiveCfg = Debug|Any CPU
		{9CD390DA-D180-453B-A0C1-0009F50DA0ED}.Debug|x86.Build.0 = Debug|Any CPU
		{9CD390DA-D180-453B-A0C1-0009F50DA0ED}.Release|x86.ActiveCfg = Release|Any CPU
		{9CD390DA-D180-453B-A0C1-0009F50DA0ED}.Release|x86.Build.0 = Release|Any CPU
		{9CD390DA-D180-453B-A0C1-0009F50DA0ED}.Debug|iPhoneSimulator.ActiveCfg = Debug|Any CPU
		{9CD390DA-D180-453B-A0C1-0009F50DA0ED}.Debug|iPhoneSimulator.Build.0 = Debug|Any CPU
		{9CD390DA-D180-453B-A0C1-0009F50DA0ED}.Release|iPhoneSimulator.ActiveCfg = Release|Any CPU
		{9CD390DA-D180-453B-A0C1-0009F50DA0ED}.Release|iPhoneSimulator.Build.0 = Release|Any CPU
		{9CD390DA-D180-453B-A0C1-0009F50DA0ED}.Debug|iPhone.ActiveCfg = Debug|Any CPU
		{9CD390DA-D180-453B-A0C1-0009F50DA0ED}.Debug|iPhone.Build.0 = Debug|Any CPU
		{9CD390DA-D180-453B-A0C1-0009F50DA0ED}.Release|iPhone.ActiveCfg = Release|Any CPU
		{9CD390DA-D180-453B-A0C1-0009F50DA0ED}.Release|iPhone.Build.0 = Release|Any CPU
		{9CD390DA-D180-453B-A0C1-0009F50DA0ED}.Ad-Hoc|iPhone.ActiveCfg = Debug|Any CPU
		{9CD390DA-D180-453B-A0C1-0009F50DA0ED}.Ad-Hoc|iPhone.Build.0 = Debug|Any CPU
		{9CD390DA-D180-453B-A0C1-0009F50DA0ED}.AppStore|iPhone.ActiveCfg = Debug|Any CPU
		{9CD390DA-D180-453B-A0C1-0009F50DA0ED}.AppStore|iPhone.Build.0 = Debug|Any CPU
		{45CF01A2-F9C5-4CD1-9E9B-E25C972C1897}.Debug|x86.ActiveCfg = Debug|iPhoneSimulator
		{45CF01A2-F9C5-4CD1-9E9B-E25C972C1897}.Debug|x86.Build.0 = Debug|iPhoneSimulator
		{45CF01A2-F9C5-4CD1-9E9B-E25C972C1897}.Release|x86.ActiveCfg = Release|iPhone
		{45CF01A2-F9C5-4CD1-9E9B-E25C972C1897}.Release|x86.Build.0 = Release|iPhone
		{45CF01A2-F9C5-4CD1-9E9B-E25C972C1897}.Debug|iPhoneSimulator.ActiveCfg = Debug|iPhoneSimulator
		{45CF01A2-F9C5-4CD1-9E9B-E25C972C1897}.Debug|iPhoneSimulator.Build.0 = Debug|iPhoneSimulator
		{45CF01A2-F9C5-4CD1-9E9B-E25C972C1897}.Release|iPhoneSimulator.ActiveCfg = Release|iPhoneSimulator
		{45CF01A2-F9C5-4CD1-9E9B-E25C972C1897}.Release|iPhoneSimulator.Build.0 = Release|iPhoneSimulator
		{45CF01A2-F9C5-4CD1-9E9B-E25C972C1897}.Debug|iPhone.ActiveCfg = Debug|iPhone
		{45CF01A2-F9C5-4CD1-9E9B-E25C972C1897}.Debug|iPhone.Build.0 = Debug|iPhone
		{45CF01A2-F9C5-4CD1-9E9B-E25C972C1897}.Release|iPhone.ActiveCfg = Release|iPhone
		{45CF01A2-F9C5-4CD1-9E9B-E25C972C1897}.Release|iPhone.Build.0 = Release|iPhone
		{45CF01A2-F9C5-4CD1-9E9B-E25C972C1897}.Ad-Hoc|iPhone.ActiveCfg = Debug|iPhoneSimulator
		{45CF01A2-F9C5-4CD1-9E9B-E25C972C1897}.Ad-Hoc|iPhone.Build.0 = Debug|iPhoneSimulator
		{45CF01A2-F9C5-4CD1-9E9B-E25C972C1897}.AppStore|iPhone.ActiveCfg = Debug|iPhoneSimulator
		{45CF01A2-F9C5-4CD1-9E9B-E25C972C1897}.AppStore|iPhone.Build.0 = Debug|iPhoneSimulator
		{5689A166-15DE-4BB1-A576-47F03CA7A625}.Debug|x86.ActiveCfg = Debug|Any CPU
		{5689A166-15DE-4BB1-A576-47F03CA7A625}.Debug|x86.Build.0 = Debug|Any CPU
		{5689A166-15DE-4BB1-A576-47F03CA7A625}.Release|x86.ActiveCfg = Release|Any CPU
		{5689A166-15DE-4BB1-A576-47F03CA7A625}.Release|x86.Build.0 = Release|Any CPU
		{5689A166-15DE-4BB1-A576-47F03CA7A625}.Debug|iPhoneSimulator.ActiveCfg = Debug|Any CPU
		{5689A166-15DE-4BB1-A576-47F03CA7A625}.Debug|iPhoneSimulator.Build.0 = Debug|Any CPU
		{5689A166-15DE-4BB1-A576-47F03CA7A625}.Release|iPhoneSimulator.ActiveCfg = Release|Any CPU
		{5689A166-15DE-4BB1-A576-47F03CA7A625}.Release|iPhoneSimulator.Build.0 = Release|Any CPU
		{5689A166-15DE-4BB1-A576-47F03CA7A625}.Debug|iPhone.ActiveCfg = Debug|Any CPU
		{5689A166-15DE-4BB1-A576-47F03CA7A625}.Debug|iPhone.Build.0 = Debug|Any CPU
		{5689A166-15DE-4BB1-A576-47F03CA7A625}.Release|iPhone.ActiveCfg = Release|Any CPU
		{5689A166-15DE-4BB1-A576-47F03CA7A625}.Release|iPhone.Build.0 = Release|Any CPU
		{5689A166-15DE-4BB1-A576-47F03CA7A625}.Ad-Hoc|iPhone.ActiveCfg = Debug|Any CPU
		{5689A166-15DE-4BB1-A576-47F03CA7A625}.Ad-Hoc|iPhone.Build.0 = Debug|Any CPU
		{5689A166-15DE-4BB1-A576-47F03CA7A625}.AppStore|iPhone.ActiveCfg = Debug|Any CPU
		{5689A166-15DE-4BB1-A576-47F03CA7A625}.AppStore|iPhone.Build.0 = Debug|Any CPU
		{66D5A4D5-5797-4BC6-9331-C54E335DC12E}.Debug|x86.ActiveCfg = Debug|Any CPU
		{66D5A4D5-5797-4BC6-9331-C54E335DC12E}.Debug|x86.Build.0 = Debug|Any CPU
		{66D5A4D5-5797-4BC6-9331-C54E335DC12E}.Release|x86.ActiveCfg = Release|Any CPU
		{66D5A4D5-5797-4BC6-9331-C54E335DC12E}.Release|x86.Build.0 = Release|Any CPU
		{66D5A4D5-5797-4BC6-9331-C54E335DC12E}.Debug|iPhoneSimulator.ActiveCfg = Debug|Any CPU
		{66D5A4D5-5797-4BC6-9331-C54E335DC12E}.Debug|iPhoneSimulator.Build.0 = Debug|Any CPU
		{66D5A4D5-5797-4BC6-9331-C54E335DC12E}.Release|iPhoneSimulator.ActiveCfg = Release|Any CPU
		{66D5A4D5-5797-4BC6-9331-C54E335DC12E}.Release|iPhoneSimulator.Build.0 = Release|Any CPU
		{66D5A4D5-5797-4BC6-9331-C54E335DC12E}.Debug|iPhone.ActiveCfg = Debug|Any CPU
		{66D5A4D5-5797-4BC6-9331-C54E335DC12E}.Debug|iPhone.Build.0 = Debug|Any CPU
		{66D5A4D5-5797-4BC6-9331-C54E335DC12E}.Release|iPhone.ActiveCfg = Release|Any CPU
		{66D5A4D5-5797-4BC6-9331-C54E335DC12E}.Release|iPhone.Build.0 = Release|Any CPU
		{66D5A4D5-5797-4BC6-9331-C54E335DC12E}.Ad-Hoc|iPhone.ActiveCfg = Debug|Any CPU
		{66D5A4D5-5797-4BC6-9331-C54E335DC12E}.Ad-Hoc|iPhone.Build.0 = Debug|Any CPU
		{66D5A4D5-5797-4BC6-9331-C54E335DC12E}.AppStore|iPhone.ActiveCfg = Debug|Any CPU
		{66D5A4D5-5797-4BC6-9331-C54E335DC12E}.AppStore|iPhone.Build.0 = Debug|Any CPU
		{86F01294-17D3-4DD3-A8AB-7CEF7726A8C0}.Debug|x86.ActiveCfg = Debug|Any CPU
		{86F01294-17D3-4DD3-A8AB-7CEF7726A8C0}.Debug|x86.Build.0 = Debug|Any CPU
		{86F01294-17D3-4DD3-A8AB-7CEF7726A8C0}.Release|x86.ActiveCfg = Release|Any CPU
		{86F01294-17D3-4DD3-A8AB-7CEF7726A8C0}.Release|x86.Build.0 = Release|Any CPU
		{86F01294-17D3-4DD3-A8AB-7CEF7726A8C0}.Debug|iPhoneSimulator.ActiveCfg = Debug|Any CPU
		{86F01294-17D3-4DD3-A8AB-7CEF7726A8C0}.Debug|iPhoneSimulator.Build.0 = Debug|Any CPU
		{86F01294-17D3-4DD3-A8AB-7CEF7726A8C0}.Release|iPhoneSimulator.ActiveCfg = Release|Any CPU
		{86F01294-17D3-4DD3-A8AB-7CEF7726A8C0}.Release|iPhoneSimulator.Build.0 = Release|Any CPU
		{86F01294-17D3-4DD3-A8AB-7CEF7726A8C0}.Debug|iPhone.ActiveCfg = Debug|Any CPU
		{86F01294-17D3-4DD3-A8AB-7CEF7726A8C0}.Debug|iPhone.Build.0 = Debug|Any CPU
		{86F01294-17D3-4DD3-A8AB-7CEF7726A8C0}.Release|iPhone.ActiveCfg = Release|Any CPU
		{86F01294-17D3-4DD3-A8AB-7CEF7726A8C0}.Release|iPhone.Build.0 = Release|Any CPU
		{86F01294-17D3-4DD3-A8AB-7CEF7726A8C0}.Ad-Hoc|iPhone.ActiveCfg = Debug|Any CPU
		{86F01294-17D3-4DD3-A8AB-7CEF7726A8C0}.Ad-Hoc|iPhone.Build.0 = Debug|Any CPU
		{86F01294-17D3-4DD3-A8AB-7CEF7726A8C0}.AppStore|iPhone.ActiveCfg = Debug|Any CPU
		{86F01294-17D3-4DD3-A8AB-7CEF7726A8C0}.AppStore|iPhone.Build.0 = Debug|Any CPU
		{6ABCF845-7479-444A-989D-CF0DDEB6E055}.Debug|x86.ActiveCfg = Debug|Any CPU
		{6ABCF845-7479-444A-989D-CF0DDEB6E055}.Debug|x86.Build.0 = Debug|Any CPU
		{6ABCF845-7479-444A-989D-CF0DDEB6E055}.Release|x86.ActiveCfg = Release|Any CPU
		{6ABCF845-7479-444A-989D-CF0DDEB6E055}.Release|x86.Build.0 = Release|Any CPU
		{6ABCF845-7479-444A-989D-CF0DDEB6E055}.Debug|iPhoneSimulator.ActiveCfg = Debug|Any CPU
		{6ABCF845-7479-444A-989D-CF0DDEB6E055}.Debug|iPhoneSimulator.Build.0 = Debug|Any CPU
		{6ABCF845-7479-444A-989D-CF0DDEB6E055}.Release|iPhoneSimulator.ActiveCfg = Release|Any CPU
		{6ABCF845-7479-444A-989D-CF0DDEB6E055}.Release|iPhoneSimulator.Build.0 = Release|Any CPU
		{6ABCF845-7479-444A-989D-CF0DDEB6E055}.Debug|iPhone.ActiveCfg = Debug|Any CPU
		{6ABCF845-7479-444A-989D-CF0DDEB6E055}.Debug|iPhone.Build.0 = Debug|Any CPU
		{6ABCF845-7479-444A-989D-CF0DDEB6E055}.Release|iPhone.ActiveCfg = Release|Any CPU
		{6ABCF845-7479-444A-989D-CF0DDEB6E055}.Release|iPhone.Build.0 = Release|Any CPU
		{6ABCF845-7479-444A-989D-CF0DDEB6E055}.Ad-Hoc|iPhone.ActiveCfg = Debug|Any CPU
		{6ABCF845-7479-444A-989D-CF0DDEB6E055}.Ad-Hoc|iPhone.Build.0 = Debug|Any CPU
		{6ABCF845-7479-444A-989D-CF0DDEB6E055}.AppStore|iPhone.ActiveCfg = Debug|Any CPU
		{6ABCF845-7479-444A-989D-CF0DDEB6E055}.AppStore|iPhone.Build.0 = Debug|Any CPU
		{AD7DDE52-DB8B-4E38-8D04-3958FB7DE629}.Debug|x86.ActiveCfg = Debug|Any CPU
		{AD7DDE52-DB8B-4E38-8D04-3958FB7DE629}.Debug|x86.Build.0 = Debug|Any CPU
		{AD7DDE52-DB8B-4E38-8D04-3958FB7DE629}.Release|x86.ActiveCfg = Release|Any CPU
		{AD7DDE52-DB8B-4E38-8D04-3958FB7DE629}.Release|x86.Build.0 = Release|Any CPU
		{AD7DDE52-DB8B-4E38-8D04-3958FB7DE629}.Debug|iPhoneSimulator.ActiveCfg = Debug|Any CPU
		{AD7DDE52-DB8B-4E38-8D04-3958FB7DE629}.Debug|iPhoneSimulator.Build.0 = Debug|Any CPU
		{AD7DDE52-DB8B-4E38-8D04-3958FB7DE629}.Release|iPhoneSimulator.ActiveCfg = Release|Any CPU
		{AD7DDE52-DB8B-4E38-8D04-3958FB7DE629}.Release|iPhoneSimulator.Build.0 = Release|Any CPU
		{AD7DDE52-DB8B-4E38-8D04-3958FB7DE629}.Debug|iPhone.ActiveCfg = Debug|Any CPU
		{AD7DDE52-DB8B-4E38-8D04-3958FB7DE629}.Debug|iPhone.Build.0 = Debug|Any CPU
		{AD7DDE52-DB8B-4E38-8D04-3958FB7DE629}.Release|iPhone.ActiveCfg = Release|Any CPU
		{AD7DDE52-DB8B-4E38-8D04-3958FB7DE629}.Release|iPhone.Build.0 = Release|Any CPU
		{AD7DDE52-DB8B-4E38-8D04-3958FB7DE629}.Ad-Hoc|iPhone.ActiveCfg = Debug|Any CPU
		{AD7DDE52-DB8B-4E38-8D04-3958FB7DE629}.Ad-Hoc|iPhone.Build.0 = Debug|Any CPU
		{AD7DDE52-DB8B-4E38-8D04-3958FB7DE629}.AppStore|iPhone.ActiveCfg = Debug|Any CPU
		{AD7DDE52-DB8B-4E38-8D04-3958FB7DE629}.AppStore|iPhone.Build.0 = Debug|Any CPU
		{509ACB86-B497-42D7-A387-4308A1B87982}.Debug|x86.ActiveCfg = Debug|Any CPU
		{509ACB86-B497-42D7-A387-4308A1B87982}.Debug|x86.Build.0 = Debug|Any CPU
		{509ACB86-B497-42D7-A387-4308A1B87982}.Release|x86.ActiveCfg = Release|Any CPU
		{509ACB86-B497-42D7-A387-4308A1B87982}.Release|x86.Build.0 = Release|Any CPU
		{509ACB86-B497-42D7-A387-4308A1B87982}.Debug|iPhoneSimulator.ActiveCfg = Debug|Any CPU
		{509ACB86-B497-42D7-A387-4308A1B87982}.Debug|iPhoneSimulator.Build.0 = Debug|Any CPU
		{509ACB86-B497-42D7-A387-4308A1B87982}.Release|iPhoneSimulator.ActiveCfg = Release|Any CPU
		{509ACB86-B497-42D7-A387-4308A1B87982}.Release|iPhoneSimulator.Build.0 = Release|Any CPU
		{509ACB86-B497-42D7-A387-4308A1B87982}.Debug|iPhone.ActiveCfg = Debug|Any CPU
		{509ACB86-B497-42D7-A387-4308A1B87982}.Debug|iPhone.Build.0 = Debug|Any CPU
		{509ACB86-B497-42D7-A387-4308A1B87982}.Release|iPhone.ActiveCfg = Release|Any CPU
		{509ACB86-B497-42D7-A387-4308A1B87982}.Release|iPhone.Build.0 = Release|Any CPU
		{509ACB86-B497-42D7-A387-4308A1B87982}.Ad-Hoc|iPhone.ActiveCfg = Debug|Any CPU
		{509ACB86-B497-42D7-A387-4308A1B87982}.Ad-Hoc|iPhone.Build.0 = Debug|Any CPU
		{509ACB86-B497-42D7-A387-4308A1B87982}.AppStore|iPhone.ActiveCfg = Debug|Any CPU
		{509ACB86-B497-42D7-A387-4308A1B87982}.AppStore|iPhone.Build.0 = Debug|Any CPU
		{87DDB8CC-BB2A-4944-AEA1-23BB82B86235}.Debug|x86.ActiveCfg = Debug|Any CPU
		{87DDB8CC-BB2A-4944-AEA1-23BB82B86235}.Debug|x86.Build.0 = Debug|Any CPU
		{87DDB8CC-BB2A-4944-AEA1-23BB82B86235}.Release|x86.ActiveCfg = Release|Any CPU
		{87DDB8CC-BB2A-4944-AEA1-23BB82B86235}.Release|x86.Build.0 = Release|Any CPU
		{87DDB8CC-BB2A-4944-AEA1-23BB82B86235}.Debug|iPhoneSimulator.ActiveCfg = Debug|Any CPU
		{87DDB8CC-BB2A-4944-AEA1-23BB82B86235}.Debug|iPhoneSimulator.Build.0 = Debug|Any CPU
		{87DDB8CC-BB2A-4944-AEA1-23BB82B86235}.Release|iPhoneSimulator.ActiveCfg = Release|Any CPU
		{87DDB8CC-BB2A-4944-AEA1-23BB82B86235}.Release|iPhoneSimulator.Build.0 = Release|Any CPU
		{87DDB8CC-BB2A-4944-AEA1-23BB82B86235}.Debug|iPhone.ActiveCfg = Debug|Any CPU
		{87DDB8CC-BB2A-4944-AEA1-23BB82B86235}.Debug|iPhone.Build.0 = Debug|Any CPU
		{87DDB8CC-BB2A-4944-AEA1-23BB82B86235}.Release|iPhone.ActiveCfg = Release|Any CPU
		{87DDB8CC-BB2A-4944-AEA1-23BB82B86235}.Release|iPhone.Build.0 = Release|Any CPU
		{87DDB8CC-BB2A-4944-AEA1-23BB82B86235}.Ad-Hoc|iPhone.ActiveCfg = Debug|Any CPU
		{87DDB8CC-BB2A-4944-AEA1-23BB82B86235}.Ad-Hoc|iPhone.Build.0 = Debug|Any CPU
		{87DDB8CC-BB2A-4944-AEA1-23BB82B86235}.AppStore|iPhone.ActiveCfg = Debug|Any CPU
		{87DDB8CC-BB2A-4944-AEA1-23BB82B86235}.AppStore|iPhone.Build.0 = Debug|Any CPU
		{79B8DA19-75B4-4325-8443-1A4187756EC2}.Debug|x86.ActiveCfg = Debug|Any CPU
		{79B8DA19-75B4-4325-8443-1A4187756EC2}.Debug|x86.Build.0 = Debug|Any CPU
		{79B8DA19-75B4-4325-8443-1A4187756EC2}.Release|x86.ActiveCfg = Release|Any CPU
		{79B8DA19-75B4-4325-8443-1A4187756EC2}.Release|x86.Build.0 = Release|Any CPU
		{79B8DA19-75B4-4325-8443-1A4187756EC2}.Debug|iPhoneSimulator.ActiveCfg = Debug|Any CPU
		{79B8DA19-75B4-4325-8443-1A4187756EC2}.Debug|iPhoneSimulator.Build.0 = Debug|Any CPU
		{79B8DA19-75B4-4325-8443-1A4187756EC2}.Release|iPhoneSimulator.ActiveCfg = Release|Any CPU
		{79B8DA19-75B4-4325-8443-1A4187756EC2}.Release|iPhoneSimulator.Build.0 = Release|Any CPU
		{79B8DA19-75B4-4325-8443-1A4187756EC2}.Debug|iPhone.ActiveCfg = Debug|Any CPU
		{79B8DA19-75B4-4325-8443-1A4187756EC2}.Debug|iPhone.Build.0 = Debug|Any CPU
		{79B8DA19-75B4-4325-8443-1A4187756EC2}.Release|iPhone.ActiveCfg = Release|Any CPU
		{79B8DA19-75B4-4325-8443-1A4187756EC2}.Release|iPhone.Build.0 = Release|Any CPU
		{79B8DA19-75B4-4325-8443-1A4187756EC2}.Ad-Hoc|iPhone.ActiveCfg = Debug|Any CPU
		{79B8DA19-75B4-4325-8443-1A4187756EC2}.Ad-Hoc|iPhone.Build.0 = Debug|Any CPU
		{79B8DA19-75B4-4325-8443-1A4187756EC2}.AppStore|iPhone.ActiveCfg = Debug|Any CPU
		{79B8DA19-75B4-4325-8443-1A4187756EC2}.AppStore|iPhone.Build.0 = Debug|Any CPU
		{BCA3D0F5-F485-4F6F-B225-E2631CD44783}.Debug|x86.ActiveCfg = Debug|Any CPU
		{BCA3D0F5-F485-4F6F-B225-E2631CD44783}.Debug|x86.Build.0 = Debug|Any CPU
		{BCA3D0F5-F485-4F6F-B225-E2631CD44783}.Release|x86.ActiveCfg = Release|Any CPU
		{BCA3D0F5-F485-4F6F-B225-E2631CD44783}.Release|x86.Build.0 = Release|Any CPU
		{BCA3D0F5-F485-4F6F-B225-E2631CD44783}.Debug|iPhoneSimulator.ActiveCfg = Debug|Any CPU
		{BCA3D0F5-F485-4F6F-B225-E2631CD44783}.Debug|iPhoneSimulator.Build.0 = Debug|Any CPU
		{BCA3D0F5-F485-4F6F-B225-E2631CD44783}.Release|iPhoneSimulator.ActiveCfg = Release|Any CPU
		{BCA3D0F5-F485-4F6F-B225-E2631CD44783}.Release|iPhoneSimulator.Build.0 = Release|Any CPU
		{BCA3D0F5-F485-4F6F-B225-E2631CD44783}.Debug|iPhone.ActiveCfg = Debug|Any CPU
		{BCA3D0F5-F485-4F6F-B225-E2631CD44783}.Debug|iPhone.Build.0 = Debug|Any CPU
		{BCA3D0F5-F485-4F6F-B225-E2631CD44783}.Release|iPhone.ActiveCfg = Release|Any CPU
		{BCA3D0F5-F485-4F6F-B225-E2631CD44783}.Release|iPhone.Build.0 = Release|Any CPU
		{BCA3D0F5-F485-4F6F-B225-E2631CD44783}.Ad-Hoc|iPhone.ActiveCfg = Debug|Any CPU
		{BCA3D0F5-F485-4F6F-B225-E2631CD44783}.Ad-Hoc|iPhone.Build.0 = Debug|Any CPU
		{BCA3D0F5-F485-4F6F-B225-E2631CD44783}.AppStore|iPhone.ActiveCfg = Debug|Any CPU
		{BCA3D0F5-F485-4F6F-B225-E2631CD44783}.AppStore|iPhone.Build.0 = Debug|Any CPU
		{C003B4EE-3211-4F48-8E60-27C6B1F8EA58}.Debug|x86.ActiveCfg = Debug|Any CPU
		{C003B4EE-3211-4F48-8E60-27C6B1F8EA58}.Debug|x86.Build.0 = Debug|Any CPU
		{C003B4EE-3211-4F48-8E60-27C6B1F8EA58}.Release|x86.ActiveCfg = Release|Any CPU
		{C003B4EE-3211-4F48-8E60-27C6B1F8EA58}.Release|x86.Build.0 = Release|Any CPU
		{C003B4EE-3211-4F48-8E60-27C6B1F8EA58}.Debug|iPhoneSimulator.ActiveCfg = Debug|Any CPU
		{C003B4EE-3211-4F48-8E60-27C6B1F8EA58}.Debug|iPhoneSimulator.Build.0 = Debug|Any CPU
		{C003B4EE-3211-4F48-8E60-27C6B1F8EA58}.Release|iPhoneSimulator.ActiveCfg = Release|Any CPU
		{C003B4EE-3211-4F48-8E60-27C6B1F8EA58}.Release|iPhoneSimulator.Build.0 = Release|Any CPU
		{C003B4EE-3211-4F48-8E60-27C6B1F8EA58}.Debug|iPhone.ActiveCfg = Debug|Any CPU
		{C003B4EE-3211-4F48-8E60-27C6B1F8EA58}.Debug|iPhone.Build.0 = Debug|Any CPU
		{C003B4EE-3211-4F48-8E60-27C6B1F8EA58}.Release|iPhone.ActiveCfg = Release|Any CPU
		{C003B4EE-3211-4F48-8E60-27C6B1F8EA58}.Release|iPhone.Build.0 = Release|Any CPU
		{C003B4EE-3211-4F48-8E60-27C6B1F8EA58}.Ad-Hoc|iPhone.ActiveCfg = Debug|Any CPU
		{C003B4EE-3211-4F48-8E60-27C6B1F8EA58}.Ad-Hoc|iPhone.Build.0 = Debug|Any CPU
		{C003B4EE-3211-4F48-8E60-27C6B1F8EA58}.AppStore|iPhone.ActiveCfg = Debug|Any CPU
		{C003B4EE-3211-4F48-8E60-27C6B1F8EA58}.AppStore|iPhone.Build.0 = Debug|Any CPU
		{58A66881-7CAD-45A8-89E8-FFC4B21DD394}.Debug|x86.ActiveCfg = Debug|Any CPU
		{58A66881-7CAD-45A8-89E8-FFC4B21DD394}.Debug|x86.Build.0 = Debug|Any CPU
		{58A66881-7CAD-45A8-89E8-FFC4B21DD394}.Release|x86.ActiveCfg = Release|Any CPU
		{58A66881-7CAD-45A8-89E8-FFC4B21DD394}.Release|x86.Build.0 = Release|Any CPU
		{58A66881-7CAD-45A8-89E8-FFC4B21DD394}.Debug|iPhoneSimulator.ActiveCfg = Debug|Any CPU
		{58A66881-7CAD-45A8-89E8-FFC4B21DD394}.Debug|iPhoneSimulator.Build.0 = Debug|Any CPU
		{58A66881-7CAD-45A8-89E8-FFC4B21DD394}.Release|iPhoneSimulator.ActiveCfg = Release|Any CPU
		{58A66881-7CAD-45A8-89E8-FFC4B21DD394}.Release|iPhoneSimulator.Build.0 = Release|Any CPU
		{58A66881-7CAD-45A8-89E8-FFC4B21DD394}.Debug|iPhone.ActiveCfg = Debug|Any CPU
		{58A66881-7CAD-45A8-89E8-FFC4B21DD394}.Debug|iPhone.Build.0 = Debug|Any CPU
		{58A66881-7CAD-45A8-89E8-FFC4B21DD394}.Release|iPhone.ActiveCfg = Release|Any CPU
		{58A66881-7CAD-45A8-89E8-FFC4B21DD394}.Release|iPhone.Build.0 = Release|Any CPU
		{58A66881-7CAD-45A8-89E8-FFC4B21DD394}.Ad-Hoc|iPhone.ActiveCfg = Debug|Any CPU
		{58A66881-7CAD-45A8-89E8-FFC4B21DD394}.Ad-Hoc|iPhone.Build.0 = Debug|Any CPU
		{58A66881-7CAD-45A8-89E8-FFC4B21DD394}.AppStore|iPhone.ActiveCfg = Debug|Any CPU
		{58A66881-7CAD-45A8-89E8-FFC4B21DD394}.AppStore|iPhone.Build.0 = Debug|Any CPU
	EndGlobalSection
	GlobalSection(NestedProjects) = preSolution
		{B1F1804D-1CA4-4B37-BCD8-6696BC0166B8} = {4E829DE1-F2A8-4766-A2C2-236542292155}
		{FFE36BB3-59C3-44FE-B8AF-D002A427148D} = {4E829DE1-F2A8-4766-A2C2-236542292155}
		{5689A166-15DE-4BB1-A576-47F03CA7A625} = {B1F1804D-1CA4-4B37-BCD8-6696BC0166B8}
		{66D5A4D5-5797-4BC6-9331-C54E335DC12E} = {FFE36BB3-59C3-44FE-B8AF-D002A427148D}
		{86F01294-17D3-4DD3-A8AB-7CEF7726A8C0} = {FFE36BB3-59C3-44FE-B8AF-D002A427148D}
		{6ABCF845-7479-444A-989D-CF0DDEB6E055} = {FFE36BB3-59C3-44FE-B8AF-D002A427148D}
		{AD7DDE52-DB8B-4E38-8D04-3958FB7DE629} = {FFE36BB3-59C3-44FE-B8AF-D002A427148D}
		{509ACB86-B497-42D7-A387-4308A1B87982} = {FFE36BB3-59C3-44FE-B8AF-D002A427148D}
		{87DDB8CC-BB2A-4944-AEA1-23BB82B86235} = {FFE36BB3-59C3-44FE-B8AF-D002A427148D}
		{79B8DA19-75B4-4325-8443-1A4187756EC2} = {A693035B-B34C-4161-9504-ACAEC93525F1}
		{BCA3D0F5-F485-4F6F-B225-E2631CD44783} = {A693035B-B34C-4161-9504-ACAEC93525F1}
		{C003B4EE-3211-4F48-8E60-27C6B1F8EA58} = {A693035B-B34C-4161-9504-ACAEC93525F1}
		{58A66881-7CAD-45A8-89E8-FFC4B21DD394} = {A693035B-B34C-4161-9504-ACAEC93525F1}
	EndGlobalSection
EndGlobal
