
Microsoft Visual Studio Solution File, Format Version 12.00
# Visual Studio 15
Project("{2150E333-8FDC-42A3-9474-1A3956D46DE8}") = "sdk", "sdk", "{20DF4C7A-157A-42CD-839D-B7817B0F60F8}"
	ProjectSection(SolutionItems) = preProject
		sdk\.gitignore = sdk\.gitignore
	EndProjectSection
EndProject
Project("{2150E333-8FDC-42A3-9474-1A3956D46DE8}") = "ui", "ui", "{EC1E180A-1CB4-4F4C-A031-F112E0C61978}"
	ProjectSection(SolutionItems) = preProject
		ui\.gitignore = ui\.gitignore
	EndProjectSection
EndProject
Project("{FAE04EC0-301F-11D3-BF4B-00C04F79EFBC}") = "nyris.console", "sdk\nyris.console\nyris.console.csproj", "{3E10D7AE-421C-4FD9-8CCD-E0F277EBB518}"
EndProject
Project("{FAE04EC0-301F-11D3-BF4B-00C04F79EFBC}") = "nyris.ui.Android", "ui\nyris.ui.Android\nyris.ui.Android.csproj", "{2D110D8B-9693-4437-A37D-23542CB84A33}"
EndProject
Project("{FAE04EC0-301F-11D3-BF4B-00C04F79EFBC}") = "nyris.ui.common", "ui\nyris.ui.common\nyris.ui.common.csproj", "{81DB1CE0-3384-462C-953B-F40393C18FA9}"
EndProject
Project("{FAE04EC0-301F-11D3-BF4B-00C04F79EFBC}") = "nyris.api", "sdk\nyris.api\nyris.api.csproj", "{5AC15E4D-6BA2-45EA-9003-C897C4A061F5}"
EndProject
Project("{FAE04EC0-301F-11D3-BF4B-00C04F79EFBC}") = "nyris.ui.Android.Camera", "ui\nyris.ui.Android.Camera\nyris.ui.Android.Camera.csproj", "{45888A26-AE9C-419C-8588-6D6988528BC7}"
EndProject
Project("{FAE04EC0-301F-11D3-BF4B-00C04F79EFBC}") = "nyris.ui.Android.Cropping", "ui\nyris.ui.Android.Cropping\nyris.ui.Android.Cropping.csproj", "{16DB704F-AF60-4D13-B498-CE47D851C1B3}"
EndProject
Project("{FAE04EC0-301F-11D3-BF4B-00C04F79EFBC}") = "nyris.ui.Android.Demo", "ui\nyris.ui.Android.Demo\nyris.ui.Android.Demo.csproj", "{F9EEF3FB-B480-4A7B-A002-499C30268E86}"
EndProject
Project("{9344BDBB-3E7F-41FC-A0DD-8665D75EE146}") = "nyris.ui.iOS", "ui\nyris.ui.iOS\nyris.ui.iOS.csproj", "{9CD390DA-D180-453B-A0C1-0009F50DA0ED}"
EndProject
Project("{9344BDBB-3E7F-41FC-A0DD-8665D75EE146}") = "nyris.ui.iOS.Demo", "ui\nyris.ui.iOS.Demo\nyris.ui.iOS.Demo.csproj", "{45CF01A2-F9C5-4CD1-9E9B-E25C972C1897}"
EndProject
Global
	GlobalSection(SolutionConfigurationPlatforms) = preSolution
		Debug|x86 = Debug|x86
		Release|x86 = Release|x86
		Debug|iPhoneSimulator = Debug|iPhoneSimulator
		Release|iPhoneSimulator = Release|iPhoneSimulator
		Debug|iPhone = Debug|iPhone
		Release|iPhone = Release|iPhone
		Ad-Hoc|iPhone = Ad-Hoc|iPhone
		AppStore|iPhone = AppStore|iPhone
	EndGlobalSection
	GlobalSection(ProjectConfigurationPlatforms) = postSolution
		{3E10D7AE-421C-4FD9-8CCD-E0F277EBB518}.Debug|x86.ActiveCfg = Debug|x86
		{3E10D7AE-421C-4FD9-8CCD-E0F277EBB518}.Debug|x86.Build.0 = Debug|x86
		{3E10D7AE-421C-4FD9-8CCD-E0F277EBB518}.Release|x86.ActiveCfg = Release|x86
		{3E10D7AE-421C-4FD9-8CCD-E0F277EBB518}.Release|x86.Build.0 = Release|x86
		{3E10D7AE-421C-4FD9-8CCD-E0F277EBB518}.Debug|iPhoneSimulator.ActiveCfg = Debug|x86
		{3E10D7AE-421C-4FD9-8CCD-E0F277EBB518}.Debug|iPhoneSimulator.Build.0 = Debug|x86
		{3E10D7AE-421C-4FD9-8CCD-E0F277EBB518}.Release|iPhoneSimulator.ActiveCfg = Release|x86
		{3E10D7AE-421C-4FD9-8CCD-E0F277EBB518}.Release|iPhoneSimulator.Build.0 = Release|x86
		{3E10D7AE-421C-4FD9-8CCD-E0F277EBB518}.Debug|iPhone.ActiveCfg = Debug|x86
		{3E10D7AE-421C-4FD9-8CCD-E0F277EBB518}.Debug|iPhone.Build.0 = Debug|x86
		{3E10D7AE-421C-4FD9-8CCD-E0F277EBB518}.Release|iPhone.ActiveCfg = Release|x86
		{3E10D7AE-421C-4FD9-8CCD-E0F277EBB518}.Release|iPhone.Build.0 = Release|x86
		{3E10D7AE-421C-4FD9-8CCD-E0F277EBB518}.Ad-Hoc|iPhone.ActiveCfg = Debug|x86
		{3E10D7AE-421C-4FD9-8CCD-E0F277EBB518}.Ad-Hoc|iPhone.Build.0 = Debug|x86
		{3E10D7AE-421C-4FD9-8CCD-E0F277EBB518}.AppStore|iPhone.ActiveCfg = Debug|x86
		{3E10D7AE-421C-4FD9-8CCD-E0F277EBB518}.AppStore|iPhone.Build.0 = Debug|x86
		{2D110D8B-9693-4437-A37D-23542CB84A33}.Debug|x86.ActiveCfg = Debug|Any CPU
		{2D110D8B-9693-4437-A37D-23542CB84A33}.Debug|x86.Build.0 = Debug|Any CPU
		{2D110D8B-9693-4437-A37D-23542CB84A33}.Release|x86.ActiveCfg = Release|Any CPU
		{2D110D8B-9693-4437-A37D-23542CB84A33}.Release|x86.Build.0 = Release|Any CPU
		{2D110D8B-9693-4437-A37D-23542CB84A33}.Debug|iPhoneSimulator.ActiveCfg = Debug|Any CPU
		{2D110D8B-9693-4437-A37D-23542CB84A33}.Debug|iPhoneSimulator.Build.0 = Debug|Any CPU
		{2D110D8B-9693-4437-A37D-23542CB84A33}.Release|iPhoneSimulator.ActiveCfg = Release|Any CPU
		{2D110D8B-9693-4437-A37D-23542CB84A33}.Release|iPhoneSimulator.Build.0 = Release|Any CPU
		{2D110D8B-9693-4437-A37D-23542CB84A33}.Debug|iPhone.ActiveCfg = Debug|Any CPU
		{2D110D8B-9693-4437-A37D-23542CB84A33}.Debug|iPhone.Build.0 = Debug|Any CPU
		{2D110D8B-9693-4437-A37D-23542CB84A33}.Release|iPhone.ActiveCfg = Release|Any CPU
		{2D110D8B-9693-4437-A37D-23542CB84A33}.Release|iPhone.Build.0 = Release|Any CPU
		{2D110D8B-9693-4437-A37D-23542CB84A33}.Ad-Hoc|iPhone.ActiveCfg = Debug|Any CPU
		{2D110D8B-9693-4437-A37D-23542CB84A33}.Ad-Hoc|iPhone.Build.0 = Debug|Any CPU
		{2D110D8B-9693-4437-A37D-23542CB84A33}.AppStore|iPhone.ActiveCfg = Debug|Any CPU
		{2D110D8B-9693-4437-A37D-23542CB84A33}.AppStore|iPhone.Build.0 = Debug|Any CPU
		{81DB1CE0-3384-462C-953B-F40393C18FA9}.Debug|x86.ActiveCfg = Debug|Any CPU
		{81DB1CE0-3384-462C-953B-F40393C18FA9}.Debug|x86.Build.0 = Debug|Any CPU
		{81DB1CE0-3384-462C-953B-F40393C18FA9}.Release|x86.ActiveCfg = Release|Any CPU
		{81DB1CE0-3384-462C-953B-F40393C18FA9}.Release|x86.Build.0 = Release|Any CPU
		{81DB1CE0-3384-462C-953B-F40393C18FA9}.Debug|iPhoneSimulator.ActiveCfg = Debug|Any CPU
		{81DB1CE0-3384-462C-953B-F40393C18FA9}.Debug|iPhoneSimulator.Build.0 = Debug|Any CPU
		{81DB1CE0-3384-462C-953B-F40393C18FA9}.Release|iPhoneSimulator.ActiveCfg = Release|Any CPU
		{81DB1CE0-3384-462C-953B-F40393C18FA9}.Release|iPhoneSimulator.Build.0 = Release|Any CPU
		{81DB1CE0-3384-462C-953B-F40393C18FA9}.Debug|iPhone.ActiveCfg = Debug|Any CPU
		{81DB1CE0-3384-462C-953B-F40393C18FA9}.Debug|iPhone.Build.0 = Debug|Any CPU
		{81DB1CE0-3384-462C-953B-F40393C18FA9}.Release|iPhone.ActiveCfg = Release|Any CPU
		{81DB1CE0-3384-462C-953B-F40393C18FA9}.Release|iPhone.Build.0 = Release|Any CPU
		{81DB1CE0-3384-462C-953B-F40393C18FA9}.Ad-Hoc|iPhone.ActiveCfg = Debug|Any CPU
		{81DB1CE0-3384-462C-953B-F40393C18FA9}.Ad-Hoc|iPhone.Build.0 = Debug|Any CPU
		{81DB1CE0-3384-462C-953B-F40393C18FA9}.AppStore|iPhone.ActiveCfg = Debug|Any CPU
		{81DB1CE0-3384-462C-953B-F40393C18FA9}.AppStore|iPhone.Build.0 = Debug|Any CPU
		{5AC15E4D-6BA2-45EA-9003-C897C4A061F5}.Debug|x86.ActiveCfg = Debug|Any CPU
		{5AC15E4D-6BA2-45EA-9003-C897C4A061F5}.Debug|x86.Build.0 = Debug|Any CPU
		{5AC15E4D-6BA2-45EA-9003-C897C4A061F5}.Release|x86.ActiveCfg = Release|Any CPU
		{5AC15E4D-6BA2-45EA-9003-C897C4A061F5}.Release|x86.Build.0 = Release|Any CPU
		{5AC15E4D-6BA2-45EA-9003-C897C4A061F5}.Debug|iPhoneSimulator.ActiveCfg = Debug|Any CPU
		{5AC15E4D-6BA2-45EA-9003-C897C4A061F5}.Debug|iPhoneSimulator.Build.0 = Debug|Any CPU
		{5AC15E4D-6BA2-45EA-9003-C897C4A061F5}.Release|iPhoneSimulator.ActiveCfg = Release|Any CPU
		{5AC15E4D-6BA2-45EA-9003-C897C4A061F5}.Release|iPhoneSimulator.Build.0 = Release|Any CPU
		{5AC15E4D-6BA2-45EA-9003-C897C4A061F5}.Debug|iPhone.ActiveCfg = Debug|Any CPU
		{5AC15E4D-6BA2-45EA-9003-C897C4A061F5}.Debug|iPhone.Build.0 = Debug|Any CPU
		{5AC15E4D-6BA2-45EA-9003-C897C4A061F5}.Release|iPhone.ActiveCfg = Release|Any CPU
		{5AC15E4D-6BA2-45EA-9003-C897C4A061F5}.Release|iPhone.Build.0 = Release|Any CPU
		{5AC15E4D-6BA2-45EA-9003-C897C4A061F5}.Ad-Hoc|iPhone.ActiveCfg = Debug|Any CPU
		{5AC15E4D-6BA2-45EA-9003-C897C4A061F5}.Ad-Hoc|iPhone.Build.0 = Debug|Any CPU
		{5AC15E4D-6BA2-45EA-9003-C897C4A061F5}.AppStore|iPhone.ActiveCfg = Debug|Any CPU
		{5AC15E4D-6BA2-45EA-9003-C897C4A061F5}.AppStore|iPhone.Build.0 = Debug|Any CPU
		{45888A26-AE9C-419C-8588-6D6988528BC7}.Debug|x86.ActiveCfg = Debug|Any CPU
		{45888A26-AE9C-419C-8588-6D6988528BC7}.Debug|x86.Build.0 = Debug|Any CPU
		{45888A26-AE9C-419C-8588-6D6988528BC7}.Release|x86.ActiveCfg = Release|Any CPU
		{45888A26-AE9C-419C-8588-6D6988528BC7}.Release|x86.Build.0 = Release|Any CPU
		{45888A26-AE9C-419C-8588-6D6988528BC7}.Debug|iPhoneSimulator.ActiveCfg = Debug|Any CPU
		{45888A26-AE9C-419C-8588-6D6988528BC7}.Debug|iPhoneSimulator.Build.0 = Debug|Any CPU
		{45888A26-AE9C-419C-8588-6D6988528BC7}.Release|iPhoneSimulator.ActiveCfg = Release|Any CPU
		{45888A26-AE9C-419C-8588-6D6988528BC7}.Release|iPhoneSimulator.Build.0 = Release|Any CPU
		{45888A26-AE9C-419C-8588-6D6988528BC7}.Debug|iPhone.ActiveCfg = Debug|Any CPU
		{45888A26-AE9C-419C-8588-6D6988528BC7}.Debug|iPhone.Build.0 = Debug|Any CPU
		{45888A26-AE9C-419C-8588-6D6988528BC7}.Release|iPhone.ActiveCfg = Release|Any CPU
		{45888A26-AE9C-419C-8588-6D6988528BC7}.Release|iPhone.Build.0 = Release|Any CPU
		{45888A26-AE9C-419C-8588-6D6988528BC7}.Ad-Hoc|iPhone.ActiveCfg = Debug|Any CPU
		{45888A26-AE9C-419C-8588-6D6988528BC7}.Ad-Hoc|iPhone.Build.0 = Debug|Any CPU
		{45888A26-AE9C-419C-8588-6D6988528BC7}.AppStore|iPhone.ActiveCfg = Debug|Any CPU
		{45888A26-AE9C-419C-8588-6D6988528BC7}.AppStore|iPhone.Build.0 = Debug|Any CPU
		{16DB704F-AF60-4D13-B498-CE47D851C1B3}.Debug|x86.ActiveCfg = Debug|Any CPU
		{16DB704F-AF60-4D13-B498-CE47D851C1B3}.Debug|x86.Build.0 = Debug|Any CPU
		{16DB704F-AF60-4D13-B498-CE47D851C1B3}.Release|x86.ActiveCfg = Release|Any CPU
		{16DB704F-AF60-4D13-B498-CE47D851C1B3}.Release|x86.Build.0 = Release|Any CPU
		{16DB704F-AF60-4D13-B498-CE47D851C1B3}.Debug|iPhoneSimulator.ActiveCfg = Debug|Any CPU
		{16DB704F-AF60-4D13-B498-CE47D851C1B3}.Debug|iPhoneSimulator.Build.0 = Debug|Any CPU
		{16DB704F-AF60-4D13-B498-CE47D851C1B3}.Release|iPhoneSimulator.ActiveCfg = Release|Any CPU
		{16DB704F-AF60-4D13-B498-CE47D851C1B3}.Release|iPhoneSimulator.Build.0 = Release|Any CPU
		{16DB704F-AF60-4D13-B498-CE47D851C1B3}.Debug|iPhone.ActiveCfg = Debug|Any CPU
		{16DB704F-AF60-4D13-B498-CE47D851C1B3}.Debug|iPhone.Build.0 = Debug|Any CPU
		{16DB704F-AF60-4D13-B498-CE47D851C1B3}.Release|iPhone.ActiveCfg = Release|Any CPU
		{16DB704F-AF60-4D13-B498-CE47D851C1B3}.Release|iPhone.Build.0 = Release|Any CPU
		{16DB704F-AF60-4D13-B498-CE47D851C1B3}.Ad-Hoc|iPhone.ActiveCfg = Debug|Any CPU
		{16DB704F-AF60-4D13-B498-CE47D851C1B3}.Ad-Hoc|iPhone.Build.0 = Debug|Any CPU
		{16DB704F-AF60-4D13-B498-CE47D851C1B3}.AppStore|iPhone.ActiveCfg = Debug|Any CPU
		{16DB704F-AF60-4D13-B498-CE47D851C1B3}.AppStore|iPhone.Build.0 = Debug|Any CPU
		{F9EEF3FB-B480-4A7B-A002-499C30268E86}.Debug|x86.ActiveCfg = Debug|Any CPU
		{F9EEF3FB-B480-4A7B-A002-499C30268E86}.Debug|x86.Build.0 = Debug|Any CPU
		{F9EEF3FB-B480-4A7B-A002-499C30268E86}.Release|x86.ActiveCfg = Release|Any CPU
		{F9EEF3FB-B480-4A7B-A002-499C30268E86}.Release|x86.Build.0 = Release|Any CPU
		{F9EEF3FB-B480-4A7B-A002-499C30268E86}.Debug|iPhoneSimulator.ActiveCfg = Debug|Any CPU
		{F9EEF3FB-B480-4A7B-A002-499C30268E86}.Debug|iPhoneSimulator.Build.0 = Debug|Any CPU
		{F9EEF3FB-B480-4A7B-A002-499C30268E86}.Release|iPhoneSimulator.ActiveCfg = Release|Any CPU
		{F9EEF3FB-B480-4A7B-A002-499C30268E86}.Release|iPhoneSimulator.Build.0 = Release|Any CPU
		{F9EEF3FB-B480-4A7B-A002-499C30268E86}.Debug|iPhone.ActiveCfg = Debug|Any CPU
		{F9EEF3FB-B480-4A7B-A002-499C30268E86}.Debug|iPhone.Build.0 = Debug|Any CPU
		{F9EEF3FB-B480-4A7B-A002-499C30268E86}.Release|iPhone.ActiveCfg = Release|Any CPU
		{F9EEF3FB-B480-4A7B-A002-499C30268E86}.Release|iPhone.Build.0 = Release|Any CPU
		{F9EEF3FB-B480-4A7B-A002-499C30268E86}.Ad-Hoc|iPhone.ActiveCfg = Debug|Any CPU
		{F9EEF3FB-B480-4A7B-A002-499C30268E86}.Ad-Hoc|iPhone.Build.0 = Debug|Any CPU
		{F9EEF3FB-B480-4A7B-A002-499C30268E86}.AppStore|iPhone.ActiveCfg = Debug|Any CPU
		{F9EEF3FB-B480-4A7B-A002-499C30268E86}.AppStore|iPhone.Build.0 = Debug|Any CPU
		{9CD390DA-D180-453B-A0C1-0009F50DA0ED}.Debug|x86.ActiveCfg = Debug|Any CPU
		{9CD390DA-D180-453B-A0C1-0009F50DA0ED}.Debug|x86.Build.0 = Debug|Any CPU
		{9CD390DA-D180-453B-A0C1-0009F50DA0ED}.Release|x86.ActiveCfg = Release|Any CPU
		{9CD390DA-D180-453B-A0C1-0009F50DA0ED}.Release|x86.Build.0 = Release|Any CPU
		{9CD390DA-D180-453B-A0C1-0009F50DA0ED}.Debug|iPhoneSimulator.ActiveCfg = Debug|Any CPU
		{9CD390DA-D180-453B-A0C1-0009F50DA0ED}.Debug|iPhoneSimulator.Build.0 = Debug|Any CPU
		{9CD390DA-D180-453B-A0C1-0009F50DA0ED}.Release|iPhoneSimulator.ActiveCfg = Release|Any CPU
		{9CD390DA-D180-453B-A0C1-0009F50DA0ED}.Release|iPhoneSimulator.Build.0 = Release|Any CPU
		{9CD390DA-D180-453B-A0C1-0009F50DA0ED}.Debug|iPhone.ActiveCfg = Debug|Any CPU
		{9CD390DA-D180-453B-A0C1-0009F50DA0ED}.Debug|iPhone.Build.0 = Debug|Any CPU
		{9CD390DA-D180-453B-A0C1-0009F50DA0ED}.Release|iPhone.ActiveCfg = Release|Any CPU
		{9CD390DA-D180-453B-A0C1-0009F50DA0ED}.Release|iPhone.Build.0 = Release|Any CPU
		{9CD390DA-D180-453B-A0C1-0009F50DA0ED}.Ad-Hoc|iPhone.ActiveCfg = Debug|Any CPU
		{9CD390DA-D180-453B-A0C1-0009F50DA0ED}.Ad-Hoc|iPhone.Build.0 = Debug|Any CPU
		{9CD390DA-D180-453B-A0C1-0009F50DA0ED}.AppStore|iPhone.ActiveCfg = Debug|Any CPU
		{9CD390DA-D180-453B-A0C1-0009F50DA0ED}.AppStore|iPhone.Build.0 = Debug|Any CPU
		{45CF01A2-F9C5-4CD1-9E9B-E25C972C1897}.Debug|x86.ActiveCfg = Debug|iPhoneSimulator
		{45CF01A2-F9C5-4CD1-9E9B-E25C972C1897}.Debug|x86.Build.0 = Debug|iPhoneSimulator
		{45CF01A2-F9C5-4CD1-9E9B-E25C972C1897}.Release|x86.ActiveCfg = Release|iPhone
		{45CF01A2-F9C5-4CD1-9E9B-E25C972C1897}.Release|x86.Build.0 = Release|iPhone
		{45CF01A2-F9C5-4CD1-9E9B-E25C972C1897}.Debug|iPhoneSimulator.ActiveCfg = Debug|iPhoneSimulator
		{45CF01A2-F9C5-4CD1-9E9B-E25C972C1897}.Debug|iPhoneSimulator.Build.0 = Debug|iPhoneSimulator
		{45CF01A2-F9C5-4CD1-9E9B-E25C972C1897}.Release|iPhoneSimulator.ActiveCfg = Release|iPhoneSimulator
		{45CF01A2-F9C5-4CD1-9E9B-E25C972C1897}.Release|iPhoneSimulator.Build.0 = Release|iPhoneSimulator
		{45CF01A2-F9C5-4CD1-9E9B-E25C972C1897}.Debug|iPhone.ActiveCfg = Debug|iPhone
		{45CF01A2-F9C5-4CD1-9E9B-E25C972C1897}.Debug|iPhone.Build.0 = Debug|iPhone
		{45CF01A2-F9C5-4CD1-9E9B-E25C972C1897}.Release|iPhone.ActiveCfg = Release|iPhone
		{45CF01A2-F9C5-4CD1-9E9B-E25C972C1897}.Release|iPhone.Build.0 = Release|iPhone
		{45CF01A2-F9C5-4CD1-9E9B-E25C972C1897}.Ad-Hoc|iPhone.ActiveCfg = Debug|iPhoneSimulator
		{45CF01A2-F9C5-4CD1-9E9B-E25C972C1897}.Ad-Hoc|iPhone.Build.0 = Debug|iPhoneSimulator
		{45CF01A2-F9C5-4CD1-9E9B-E25C972C1897}.AppStore|iPhone.ActiveCfg = Debug|iPhoneSimulator
		{45CF01A2-F9C5-4CD1-9E9B-E25C972C1897}.AppStore|iPhone.Build.0 = Debug|iPhoneSimulator
	EndGlobalSection
	GlobalSection(NestedProjects) = preSolution
		{3E10D7AE-421C-4FD9-8CCD-E0F277EBB518} = {20DF4C7A-157A-42CD-839D-B7817B0F60F8}
		{2D110D8B-9693-4437-A37D-23542CB84A33} = {EC1E180A-1CB4-4F4C-A031-F112E0C61978}
		{81DB1CE0-3384-462C-953B-F40393C18FA9} = {EC1E180A-1CB4-4F4C-A031-F112E0C61978}
		{5AC15E4D-6BA2-45EA-9003-C897C4A061F5} = {20DF4C7A-157A-42CD-839D-B7817B0F60F8}
		{45888A26-AE9C-419C-8588-6D6988528BC7} = {EC1E180A-1CB4-4F4C-A031-F112E0C61978}
		{16DB704F-AF60-4D13-B498-CE47D851C1B3} = {EC1E180A-1CB4-4F4C-A031-F112E0C61978}
		{F9EEF3FB-B480-4A7B-A002-499C30268E86} = {EC1E180A-1CB4-4F4C-A031-F112E0C61978}
		{9CD390DA-D180-453B-A0C1-0009F50DA0ED} = {EC1E180A-1CB4-4F4C-A031-F112E0C61978}
		{45CF01A2-F9C5-4CD1-9E9B-E25C972C1897} = {EC1E180A-1CB4-4F4C-A031-F112E0C61978}
	EndGlobalSection
EndGlobal
