
Microsoft Visual Studio Solution File, Format Version 12.00
# Visual Studio 15
Project("{2150E333-8FDC-42A3-9474-1A3956D46DE8}") = "sdk", "sdk", "{20DF4C7A-157A-42CD-839D-B7817B0F60F8}"
	ProjectSection(SolutionItems) = preProject
		sdk\.gitignore = sdk\.gitignore
	EndProjectSection
EndProject
Project("{2150E333-8FDC-42A3-9474-1A3956D46DE8}") = "ui", "ui", "{EC1E180A-1CB4-4F4C-A031-F112E0C61978}"
	ProjectSection(SolutionItems) = preProject
		ui\.gitignore = ui\.gitignore
	EndProjectSection
EndProject
Project("{FAE04EC0-301F-11D3-BF4B-00C04F79EFBC}") = "nyris.sdk", "sdk\nyris.sdk\nyris.sdk.csproj", "{292E48E6-C9B5-4C52-997F-8D662727C623}"
EndProject
Project("{FAE04EC0-301F-11D3-BF4B-00C04F79EFBC}") = "nyris.console", "sdk\nyris.console\nyris.console.csproj", "{3E10D7AE-421C-4FD9-8CCD-E0F277EBB518}"
EndProject
Project("{FAE04EC0-301F-11D3-BF4B-00C04F79EFBC}") = "nyris.ui.iOS", "ui\nyris.ui.iOS\nyris.ui.iOS.csproj", "{9E324D2B-6E88-4FC3-AE3D-19A1B6934129}"
EndProject
Project("{FAE04EC0-301F-11D3-BF4B-00C04F79EFBC}") = "nyris.ui.common", "ui\nyris.ui.common\nyris.ui.common.csproj", "{81DB1CE0-3384-462C-953B-F40393C18FA9}"
EndProject
Project("{FAE04EC0-301F-11D3-BF4B-00C04F79EFBC}") = "nyris.ui.iOS.Demo", "ui\nyris.ui.iOS.Demo\nyris.ui.iOS.Demo.csproj", "{3336A3ED-AE3E-4F28-90DB-3AD6555AD90A}"
EndProject
Project("{9344BDBB-3E7F-41FC-A0DD-8665D75EE146}") = "nyris.ui.Android", "ui\nyris.ui.Android\nyris.ui.Android.csproj", "{CC23BEE9-CA74-487E-B32E-A001FD003B41}"
EndProject
Project("{9344BDBB-3E7F-41FC-A0DD-8665D75EE146}") = "nyris.ui.Android.Demo", "ui\nyris.ui.Android.Demo\nyris.ui.Android.Demo.csproj", "{8B182B67-C951-4B67-B007-E8F19178AB1E}"
EndProject
Global
	GlobalSection(SolutionConfigurationPlatforms) = preSolution
		Debug|x86 = Debug|x86
		Release|x86 = Release|x86
		Debug|iPhoneSimulator = Debug|iPhoneSimulator
		Release|iPhoneSimulator = Release|iPhoneSimulator
		Debug|iPhone = Debug|iPhone
		Release|iPhone = Release|iPhone
		Ad-Hoc|iPhone = Ad-Hoc|iPhone
		AppStore|iPhone = AppStore|iPhone
	EndGlobalSection
	GlobalSection(ProjectConfigurationPlatforms) = postSolution
		{292E48E6-C9B5-4C52-997F-8D662727C623}.Debug|x86.ActiveCfg = Debug|Any CPU
		{292E48E6-C9B5-4C52-997F-8D662727C623}.Debug|x86.Build.0 = Debug|Any CPU
		{292E48E6-C9B5-4C52-997F-8D662727C623}.Release|x86.ActiveCfg = Release|Any CPU
		{292E48E6-C9B5-4C52-997F-8D662727C623}.Release|x86.Build.0 = Release|Any CPU
		{292E48E6-C9B5-4C52-997F-8D662727C623}.Debug|iPhoneSimulator.ActiveCfg = Debug|Any CPU
		{292E48E6-C9B5-4C52-997F-8D662727C623}.Debug|iPhoneSimulator.Build.0 = Debug|Any CPU
		{292E48E6-C9B5-4C52-997F-8D662727C623}.Release|iPhoneSimulator.ActiveCfg = Release|Any CPU
		{292E48E6-C9B5-4C52-997F-8D662727C623}.Release|iPhoneSimulator.Build.0 = Release|Any CPU
		{292E48E6-C9B5-4C52-997F-8D662727C623}.Debug|iPhone.ActiveCfg = Debug|Any CPU
		{292E48E6-C9B5-4C52-997F-8D662727C623}.Debug|iPhone.Build.0 = Debug|Any CPU
		{292E48E6-C9B5-4C52-997F-8D662727C623}.Release|iPhone.ActiveCfg = Release|Any CPU
		{292E48E6-C9B5-4C52-997F-8D662727C623}.Release|iPhone.Build.0 = Release|Any CPU
		{292E48E6-C9B5-4C52-997F-8D662727C623}.Ad-Hoc|iPhone.ActiveCfg = Debug|Any CPU
		{292E48E6-C9B5-4C52-997F-8D662727C623}.Ad-Hoc|iPhone.Build.0 = Debug|Any CPU
		{292E48E6-C9B5-4C52-997F-8D662727C623}.AppStore|iPhone.ActiveCfg = Debug|Any CPU
		{292E48E6-C9B5-4C52-997F-8D662727C623}.AppStore|iPhone.Build.0 = Debug|Any CPU
		{3E10D7AE-421C-4FD9-8CCD-E0F277EBB518}.Debug|x86.ActiveCfg = Debug|x86
		{3E10D7AE-421C-4FD9-8CCD-E0F277EBB518}.Debug|x86.Build.0 = Debug|x86
		{3E10D7AE-421C-4FD9-8CCD-E0F277EBB518}.Release|x86.ActiveCfg = Release|x86
		{3E10D7AE-421C-4FD9-8CCD-E0F277EBB518}.Release|x86.Build.0 = Release|x86
		{3E10D7AE-421C-4FD9-8CCD-E0F277EBB518}.Debug|iPhoneSimulator.ActiveCfg = Debug|x86
		{3E10D7AE-421C-4FD9-8CCD-E0F277EBB518}.Debug|iPhoneSimulator.Build.0 = Debug|x86
		{3E10D7AE-421C-4FD9-8CCD-E0F277EBB518}.Release|iPhoneSimulator.ActiveCfg = Release|x86
		{3E10D7AE-421C-4FD9-8CCD-E0F277EBB518}.Release|iPhoneSimulator.Build.0 = Release|x86
		{3E10D7AE-421C-4FD9-8CCD-E0F277EBB518}.Debug|iPhone.ActiveCfg = Debug|x86
		{3E10D7AE-421C-4FD9-8CCD-E0F277EBB518}.Debug|iPhone.Build.0 = Debug|x86
		{3E10D7AE-421C-4FD9-8CCD-E0F277EBB518}.Release|iPhone.ActiveCfg = Release|x86
		{3E10D7AE-421C-4FD9-8CCD-E0F277EBB518}.Release|iPhone.Build.0 = Release|x86
		{3E10D7AE-421C-4FD9-8CCD-E0F277EBB518}.Ad-Hoc|iPhone.ActiveCfg = Debug|x86
		{3E10D7AE-421C-4FD9-8CCD-E0F277EBB518}.Ad-Hoc|iPhone.Build.0 = Debug|x86
		{3E10D7AE-421C-4FD9-8CCD-E0F277EBB518}.AppStore|iPhone.ActiveCfg = Debug|x86
		{3E10D7AE-421C-4FD9-8CCD-E0F277EBB518}.AppStore|iPhone.Build.0 = Debug|x86
		{9E324D2B-6E88-4FC3-AE3D-19A1B6934129}.Debug|x86.ActiveCfg = Debug|Any CPU
		{9E324D2B-6E88-4FC3-AE3D-19A1B6934129}.Debug|x86.Build.0 = Debug|Any CPU
		{9E324D2B-6E88-4FC3-AE3D-19A1B6934129}.Release|x86.ActiveCfg = Release|Any CPU
		{9E324D2B-6E88-4FC3-AE3D-19A1B6934129}.Release|x86.Build.0 = Release|Any CPU
		{9E324D2B-6E88-4FC3-AE3D-19A1B6934129}.Debug|iPhoneSimulator.ActiveCfg = Debug|Any CPU
		{9E324D2B-6E88-4FC3-AE3D-19A1B6934129}.Debug|iPhoneSimulator.Build.0 = Debug|Any CPU
		{9E324D2B-6E88-4FC3-AE3D-19A1B6934129}.Release|iPhoneSimulator.ActiveCfg = Release|Any CPU
		{9E324D2B-6E88-4FC3-AE3D-19A1B6934129}.Release|iPhoneSimulator.Build.0 = Release|Any CPU
		{9E324D2B-6E88-4FC3-AE3D-19A1B6934129}.Debug|iPhone.ActiveCfg = Debug|Any CPU
		{9E324D2B-6E88-4FC3-AE3D-19A1B6934129}.Debug|iPhone.Build.0 = Debug|Any CPU
		{9E324D2B-6E88-4FC3-AE3D-19A1B6934129}.Release|iPhone.ActiveCfg = Release|Any CPU
		{9E324D2B-6E88-4FC3-AE3D-19A1B6934129}.Release|iPhone.Build.0 = Release|Any CPU
		{9E324D2B-6E88-4FC3-AE3D-19A1B6934129}.Ad-Hoc|iPhone.ActiveCfg = Debug|Any CPU
		{9E324D2B-6E88-4FC3-AE3D-19A1B6934129}.Ad-Hoc|iPhone.Build.0 = Debug|Any CPU
		{9E324D2B-6E88-4FC3-AE3D-19A1B6934129}.AppStore|iPhone.ActiveCfg = Debug|Any CPU
		{9E324D2B-6E88-4FC3-AE3D-19A1B6934129}.AppStore|iPhone.Build.0 = Debug|Any CPU
		{81DB1CE0-3384-462C-953B-F40393C18FA9}.Debug|x86.ActiveCfg = Debug|Any CPU
		{81DB1CE0-3384-462C-953B-F40393C18FA9}.Debug|x86.Build.0 = Debug|Any CPU
		{81DB1CE0-3384-462C-953B-F40393C18FA9}.Release|x86.ActiveCfg = Release|Any CPU
		{81DB1CE0-3384-462C-953B-F40393C18FA9}.Release|x86.Build.0 = Release|Any CPU
		{81DB1CE0-3384-462C-953B-F40393C18FA9}.Debug|iPhoneSimulator.ActiveCfg = Debug|Any CPU
		{81DB1CE0-3384-462C-953B-F40393C18FA9}.Debug|iPhoneSimulator.Build.0 = Debug|Any CPU
		{81DB1CE0-3384-462C-953B-F40393C18FA9}.Release|iPhoneSimulator.ActiveCfg = Release|Any CPU
		{81DB1CE0-3384-462C-953B-F40393C18FA9}.Release|iPhoneSimulator.Build.0 = Release|Any CPU
		{81DB1CE0-3384-462C-953B-F40393C18FA9}.Debug|iPhone.ActiveCfg = Debug|Any CPU
		{81DB1CE0-3384-462C-953B-F40393C18FA9}.Debug|iPhone.Build.0 = Debug|Any CPU
		{81DB1CE0-3384-462C-953B-F40393C18FA9}.Release|iPhone.ActiveCfg = Release|Any CPU
		{81DB1CE0-3384-462C-953B-F40393C18FA9}.Release|iPhone.Build.0 = Release|Any CPU
		{81DB1CE0-3384-462C-953B-F40393C18FA9}.Ad-Hoc|iPhone.ActiveCfg = Debug|Any CPU
		{81DB1CE0-3384-462C-953B-F40393C18FA9}.Ad-Hoc|iPhone.Build.0 = Debug|Any CPU
		{81DB1CE0-3384-462C-953B-F40393C18FA9}.AppStore|iPhone.ActiveCfg = Debug|Any CPU
		{81DB1CE0-3384-462C-953B-F40393C18FA9}.AppStore|iPhone.Build.0 = Debug|Any CPU
		{3336A3ED-AE3E-4F28-90DB-3AD6555AD90A}.Debug|x86.ActiveCfg = Debug|iPhoneSimulator
		{3336A3ED-AE3E-4F28-90DB-3AD6555AD90A}.Debug|x86.Build.0 = Debug|iPhoneSimulator
		{3336A3ED-AE3E-4F28-90DB-3AD6555AD90A}.Release|x86.ActiveCfg = Release|iPhone
		{3336A3ED-AE3E-4F28-90DB-3AD6555AD90A}.Release|x86.Build.0 = Release|iPhone
		{3336A3ED-AE3E-4F28-90DB-3AD6555AD90A}.Debug|iPhoneSimulator.ActiveCfg = Debug|iPhoneSimulator
		{3336A3ED-AE3E-4F28-90DB-3AD6555AD90A}.Debug|iPhoneSimulator.Build.0 = Debug|iPhoneSimulator
		{3336A3ED-AE3E-4F28-90DB-3AD6555AD90A}.Release|iPhoneSimulator.ActiveCfg = Release|iPhoneSimulator
		{3336A3ED-AE3E-4F28-90DB-3AD6555AD90A}.Release|iPhoneSimulator.Build.0 = Release|iPhoneSimulator
		{3336A3ED-AE3E-4F28-90DB-3AD6555AD90A}.Debug|iPhone.ActiveCfg = Debug|iPhone
		{3336A3ED-AE3E-4F28-90DB-3AD6555AD90A}.Debug|iPhone.Build.0 = Debug|iPhone
		{3336A3ED-AE3E-4F28-90DB-3AD6555AD90A}.Release|iPhone.ActiveCfg = Release|iPhone
		{3336A3ED-AE3E-4F28-90DB-3AD6555AD90A}.Release|iPhone.Build.0 = Release|iPhone
		{3336A3ED-AE3E-4F28-90DB-3AD6555AD90A}.Ad-Hoc|iPhone.ActiveCfg = Debug|iPhoneSimulator
		{3336A3ED-AE3E-4F28-90DB-3AD6555AD90A}.Ad-Hoc|iPhone.Build.0 = Debug|iPhoneSimulator
		{3336A3ED-AE3E-4F28-90DB-3AD6555AD90A}.AppStore|iPhone.ActiveCfg = Debug|iPhoneSimulator
		{3336A3ED-AE3E-4F28-90DB-3AD6555AD90A}.AppStore|iPhone.Build.0 = Debug|iPhoneSimulator
		{CC23BEE9-CA74-487E-B32E-A001FD003B41}.Debug|x86.ActiveCfg = Debug|Any CPU
		{CC23BEE9-CA74-487E-B32E-A001FD003B41}.Debug|x86.Build.0 = Debug|Any CPU
		{CC23BEE9-CA74-487E-B32E-A001FD003B41}.Release|x86.ActiveCfg = Release|Any CPU
		{CC23BEE9-CA74-487E-B32E-A001FD003B41}.Release|x86.Build.0 = Release|Any CPU
		{CC23BEE9-CA74-487E-B32E-A001FD003B41}.Debug|iPhoneSimulator.ActiveCfg = Debug|Any CPU
		{CC23BEE9-CA74-487E-B32E-A001FD003B41}.Debug|iPhoneSimulator.Build.0 = Debug|Any CPU
		{CC23BEE9-CA74-487E-B32E-A001FD003B41}.Release|iPhoneSimulator.ActiveCfg = Release|Any CPU
		{CC23BEE9-CA74-487E-B32E-A001FD003B41}.Release|iPhoneSimulator.Build.0 = Release|Any CPU
		{CC23BEE9-CA74-487E-B32E-A001FD003B41}.Debug|iPhone.ActiveCfg = Debug|Any CPU
		{CC23BEE9-CA74-487E-B32E-A001FD003B41}.Debug|iPhone.Build.0 = Debug|Any CPU
		{CC23BEE9-CA74-487E-B32E-A001FD003B41}.Release|iPhone.ActiveCfg = Release|Any CPU
		{CC23BEE9-CA74-487E-B32E-A001FD003B41}.Release|iPhone.Build.0 = Release|Any CPU
		{CC23BEE9-CA74-487E-B32E-A001FD003B41}.Ad-Hoc|iPhone.ActiveCfg = Debug|Any CPU
		{CC23BEE9-CA74-487E-B32E-A001FD003B41}.Ad-Hoc|iPhone.Build.0 = Debug|Any CPU
		{CC23BEE9-CA74-487E-B32E-A001FD003B41}.AppStore|iPhone.ActiveCfg = Debug|Any CPU
		{CC23BEE9-CA74-487E-B32E-A001FD003B41}.AppStore|iPhone.Build.0 = Debug|Any CPU
		{8B182B67-C951-4B67-B007-E8F19178AB1E}.Debug|x86.ActiveCfg = Debug|Any CPU
		{8B182B67-C951-4B67-B007-E8F19178AB1E}.Debug|x86.Build.0 = Debug|Any CPU
		{8B182B67-C951-4B67-B007-E8F19178AB1E}.Release|x86.ActiveCfg = Release|Any CPU
		{8B182B67-C951-4B67-B007-E8F19178AB1E}.Release|x86.Build.0 = Release|Any CPU
		{8B182B67-C951-4B67-B007-E8F19178AB1E}.Debug|iPhoneSimulator.ActiveCfg = Debug|Any CPU
		{8B182B67-C951-4B67-B007-E8F19178AB1E}.Debug|iPhoneSimulator.Build.0 = Debug|Any CPU
		{8B182B67-C951-4B67-B007-E8F19178AB1E}.Release|iPhoneSimulator.ActiveCfg = Release|Any CPU
		{8B182B67-C951-4B67-B007-E8F19178AB1E}.Release|iPhoneSimulator.Build.0 = Release|Any CPU
		{8B182B67-C951-4B67-B007-E8F19178AB1E}.Debug|iPhone.ActiveCfg = Debug|Any CPU
		{8B182B67-C951-4B67-B007-E8F19178AB1E}.Debug|iPhone.Build.0 = Debug|Any CPU
		{8B182B67-C951-4B67-B007-E8F19178AB1E}.Release|iPhone.ActiveCfg = Release|Any CPU
		{8B182B67-C951-4B67-B007-E8F19178AB1E}.Release|iPhone.Build.0 = Release|Any CPU
		{8B182B67-C951-4B67-B007-E8F19178AB1E}.Ad-Hoc|iPhone.ActiveCfg = Debug|Any CPU
		{8B182B67-C951-4B67-B007-E8F19178AB1E}.Ad-Hoc|iPhone.Build.0 = Debug|Any CPU
		{8B182B67-C951-4B67-B007-E8F19178AB1E}.AppStore|iPhone.ActiveCfg = Debug|Any CPU
		{8B182B67-C951-4B67-B007-E8F19178AB1E}.AppStore|iPhone.Build.0 = Debug|Any CPU
	EndGlobalSection
	GlobalSection(NestedProjects) = preSolution
		{292E48E6-C9B5-4C52-997F-8D662727C623} = {20DF4C7A-157A-42CD-839D-B7817B0F60F8}
		{3E10D7AE-421C-4FD9-8CCD-E0F277EBB518} = {20DF4C7A-157A-42CD-839D-B7817B0F60F8}
		{9E324D2B-6E88-4FC3-AE3D-19A1B6934129} = {EC1E180A-1CB4-4F4C-A031-F112E0C61978}
		{81DB1CE0-3384-462C-953B-F40393C18FA9} = {EC1E180A-1CB4-4F4C-A031-F112E0C61978}
		{3336A3ED-AE3E-4F28-90DB-3AD6555AD90A} = {EC1E180A-1CB4-4F4C-A031-F112E0C61978}
		{CC23BEE9-CA74-487E-B32E-A001FD003B41} = {EC1E180A-1CB4-4F4C-A031-F112E0C61978}
		{8B182B67-C951-4B67-B007-E8F19178AB1E} = {EC1E180A-1CB4-4F4C-A031-F112E0C61978}
	EndGlobalSection
EndGlobal
